<?xml version="1.0" encoding="utf-8"?>
<Project ToolsVersion="4.0" xmlns="http://schemas.microsoft.com/developer/msbuild/2003">
  <ItemGroup>
    <Filter Include="Source Files">
      <UniqueIdentifier>{180863ba-0612-4c98-b123-60cea1069a6d}</UniqueIdentifier>
      <Extensions>cpp;c;cxx;rc;def;r;odl;idl;hpj;bat</Extensions>
    </Filter>
    <Filter Include="Header Files">
      <UniqueIdentifier>{ea3cf088-17be-4fd6-82be-ad39fd79d2b5}</UniqueIdentifier>
      <Extensions>h;hpp;hxx;hm;inl</Extensions>
    </Filter>
    <Filter Include="Test Data">
      <UniqueIdentifier>{332c8777-87ee-47d4-b892-ef81f3696a3c}</UniqueIdentifier>
    </Filter>
    <Filter Include="Resource Files">
      <UniqueIdentifier>{77ebca34-e4d8-4612-afd8-eccf2634a1af}</UniqueIdentifier>
      <Extensions>ico;cur;bmp;dlg;rc2;rct;bin;rgs;gif;jpg;jpeg;jpe</Extensions>
    </Filter>
  </ItemGroup>
  <ItemGroup>
    <ClCompile Include="..\..\sample\ann_sample.cpp">
      <Filter>Source Files</Filter>
    </ClCompile>
  </ItemGroup>
  <ItemGroup>
    <None Include="ReadMe.txt" />
  </ItemGroup>
  <ItemGroup>
    <CustomBuildStep Include="data_pts">
      <Filter>Test Data</Filter>
    </CustomBuildStep>
    <CustomBuildStep Include="query_pts">
      <Filter>Test Data</Filter>
    </CustomBuildStep>
    <CustomBuildStep Include="sample.out">
      <Filter>Test Data</Filter>
    </CustomBuildStep>
  </ItemGroup>
</Project>